# Generated by conda-lock.
# platform: linux-64
# input_hash: 82ba4404c4be5f67efd6bdd3a3e4aa0c05b40efa52887343f690739c36196122
@EXPLICIT
https://mirrors.tuna.tsinghua.edu.cn/anaconda/cloud/conda-forge/noarch/font-ttf-dejavu-sans-mono-2.37-hab24e00_0.tar.bz2#0c96522c6bdaed4b1566d11387caaf45
https://mirrors.tuna.tsinghua.edu.cn/anaconda/cloud/conda-forge/noarch/font-ttf-inconsolata-3.000-h77eed37_0.tar.bz2#34893075a5c9e55cdafac56607368fc6
https://mirrors.tuna.tsinghua.edu.cn/anaconda/cloud/conda-forge/noarch/font-ttf-source-code-pro-2.038-h77eed37_0.tar.bz2#4d59c254e01d9cde7957100457e2d5fb
https://mirrors.tuna.tsinghua.edu.cn/anaconda/cloud/conda-forge/noarch/font-ttf-ubuntu-0.83-h77eed37_3.conda#49023d73832ef61042f6a237cb2687e7
https://mirrors.tuna.tsinghua.edu.cn/anaconda/cloud/conda-forge/linux-64/mpi-1.0-openmpi.tar.bz2#1dcc49e16749ff79ba2194fa5d4ca5e7
https://mirrors.tuna.tsinghua.edu.cn/anaconda/cloud/conda-forge/noarch/python_abi-3.10-8_cp310.conda#05e00f3b21e88bb3d658ac700b2ce58c
https://mirrors.tuna.tsinghua.edu.cn/anaconda/cloud/pytorch/noarch/pytorch-mutex-1.0-cuda.tar.bz2#a948316e36fb5b11223b3fcfa93f8358
https://mirrors.tuna.tsinghua.edu.cn/anaconda/cloud/conda-forge/noarch/tzdata-2025c-hc9c84f9_1.conda#ad659d0a2b3e47e38d829aa8cad2d610
https://mirrors.tuna.tsinghua.edu.cn/anaconda/cloud/conda-forge/noarch/wayland-protocols-1.47-hd8ed1ab_0.conda#7da1571f560d4ba3343f7f4c48a79c76
https://mirrors.tuna.tsinghua.edu.cn/anaconda/cloud/conda-forge/noarch/ca-certificates-2026.2.25-hbd8a1cb_0.conda#4492fd26db29495f0ba23f146cd5638d
https://mirrors.tuna.tsinghua.edu.cn/anaconda/cloud/conda-forge/noarch/fonts-conda-forge-1-hc364b38_1.conda#a7970cd949a077b7cb9696379d338681
https://mirrors.tuna.tsinghua.edu.cn/anaconda/cloud/conda-forge/linux-64/libglvnd-1.7.0-ha4b6fd6_2.conda#434ca7e50e40f4918ab701e3facd59a0
https://mirrors.tuna.tsinghua.edu.cn/anaconda/cloud/conda-forge/linux-64/libgomp-15.2.0-he0feb66_18.conda#239c5e9546c38a1e884d69effcf4c882
https://mirrors.tuna.tsinghua.edu.cn/anaconda/cloud/conda-forge/linux-64/_openmp_mutex-4.5-20_gnu.conda#a9f577daf3de00bca7c3c76c0ecbd1de
https://mirrors.tuna.tsinghua.edu.cn/anaconda/cloud/conda-forge/noarch/fonts-conda-ecosystem-1-0.tar.bz2#fee5683a3f04bd15cbd8318b096a27ab
https://mirrors.tuna.tsinghua.edu.cn/anaconda/cloud/conda-forge/linux-64/libegl-1.7.0-ha4b6fd6_2.conda#c151d5eb730e9b7480e6d48c0fc44048
https://mirrors.tuna.tsinghua.edu.cn/anaconda/cloud/conda-forge/linux-64/libgcc-15.2.0-he0feb66_18.conda#0aa00f03f9e39fb9876085dee11a85d4
https://mirrors.tuna.tsinghua.edu.cn/anaconda/cloud/conda-forge/linux-64/alsa-lib-1.2.15.3-hb03c661_0.conda#dcdc58c15961dbf17a0621312b01f5cb
https://mirrors.tuna.tsinghua.edu.cn/anaconda/cloud/conda-forge/linux-64/attr-2.5.2-h39aace5_0.conda#791365c5f65975051e4e017b5da3abf5
https://mirrors.tuna.tsinghua.edu.cn/anaconda/cloud/conda-forge/linux-64/bzip2-1.0.8-hda65f42_9.conda#d2ffd7602c02f2b316fd921d39876885
https://mirrors.tuna.tsinghua.edu.cn/anaconda/cloud/conda-forge/linux-64/c-ares-1.34.6-hb03c661_0.conda#920bb03579f15389b9e512095ad995b7
https://mirrors.tuna.tsinghua.edu.cn/anaconda/cloud/conda-forge/linux-64/fribidi-1.0.16-hb03c661_0.conda#f9f81ea472684d75b9dd8d0b328cf655
https://mirrors.tuna.tsinghua.edu.cn/anaconda/cloud/conda-forge/linux-64/keyutils-1.6.3-hb9d3cd8_0.conda#b38117a3c920364aff79f870c984b4a3
https://mirrors.tuna.tsinghua.edu.cn/anaconda/cloud/conda-forge/linux-64/libbrotlicommon-1.2.0-hb03c661_1.conda#72c8fd1af66bd67bf580645b426513ed
https://mirrors.tuna.tsinghua.edu.cn/anaconda/cloud/conda-forge/linux-64/libdeflate-1.22-hb9d3cd8_0.conda#b422943d5d772b7cc858b36ad2a92db5
https://mirrors.tuna.tsinghua.edu.cn/anaconda/cloud/conda-forge/linux-64/libexpat-2.7.4-hecca717_0.conda#e7f7ce06ec24cfcfb9e36d28cf82ba57
https://mirrors.tuna.tsinghua.edu.cn/anaconda/cloud/conda-forge/linux-64/libffi-3.5.2-h3435931_0.conda#a360c33a5abe61c07959e449fa1453eb
https://mirrors.tuna.tsinghua.edu.cn/anaconda/cloud/conda-forge/linux-64/libgcc-ng-15.2.0-h69a702a_18.conda#d5e96b1ed75ca01906b3d2469b4ce493
https://mirrors.tuna.tsinghua.edu.cn/anaconda/cloud/conda-forge/linux-64/libgfortran5-15.2.0-h68bc16d_18.conda#646855f357199a12f02a87382d429b75
https://mirrors.tuna.tsinghua.edu.cn/anaconda/cloud/conda-forge/linux-64/libiconv-1.18-h3b78370_2.conda#915f5995e94f60e9a4826e0b0920ee88
https://mirrors.tuna.tsinghua.edu.cn/anaconda/cloud/conda-forge/linux-64/liblzma-5.8.2-hb03c661_0.conda#c7c83eecbb72d88b940c249af56c8b17
https://mirrors.tuna.tsinghua.edu.cn/anaconda/cloud/conda-forge/linux-64/libnsl-2.0.1-hb9d3cd8_1.conda#d864d34357c3b65a4b731f78c0801dc4
https://mirrors.tuna.tsinghua.edu.cn/anaconda/cloud/conda-forge/linux-64/libogg-1.3.5-hd0c01bc_1.conda#68e52064ed3897463c0e958ab5c8f91b
https://mirrors.tuna.tsinghua.edu.cn/anaconda/cloud/conda-forge/linux-64/libopus-1.6.1-h280c20c_0.conda#2446ac1fe030c2aa6141386c1f5a6aed
https://mirrors.tuna.tsinghua.edu.cn/anaconda/cloud/conda-forge/linux-64/libpciaccess-0.18-hb9d3cd8_0.conda#70e3400cbbfa03e96dcde7fc13e38c7b
https://mirrors.tuna.tsinghua.edu.cn/anaconda/cloud/conda-forge/linux-64/libstdcxx-15.2.0-h934c35e_18.conda#1b08cd684f34175e4514474793d44bcb
https://mirrors.tuna.tsinghua.edu.cn/anaconda/cloud/conda-forge/linux-64/libuuid-2.41.3-h5347b49_0.conda#db409b7c1720428638e7c0d509d3e1b5
https://mirrors.tuna.tsinghua.edu.cn/anaconda/cloud/conda-forge/linux-64/libuv-1.51.0-hb03c661_1.conda#0f03292cc56bf91a077a134ea8747118
https://mirrors.tuna.tsinghua.edu.cn/anaconda/cloud/conda-forge/linux-64/libwebp-base-1.6.0-hd42ef1d_0.conda#aea31d2e5b1091feca96fcfe945c3cf9
https://mirrors.tuna.tsinghua.edu.cn/anaconda/cloud/conda-forge/linux-64/libzlib-1.3.1-hb9d3cd8_2.conda#edb0dca6bc32e4f4789199455a1dbeb8
https://mirrors.tuna.tsinghua.edu.cn/anaconda/cloud/conda-forge/linux-64/ncurses-6.5-h2d0b736_3.conda#47e340acb35de30501a76c7c799c41d7
https://mirrors.tuna.tsinghua.edu.cn/anaconda/cloud/conda-forge/linux-64/openssl-3.6.1-h35e630c_1.conda#f61eb8cd60ff9057122a3d338b99c00f
https://mirrors.tuna.tsinghua.edu.cn/anaconda/cloud/conda-forge/linux-64/pthread-stubs-0.4-hb9d3cd8_1002.conda#b3c17d95b5a10c6e64a21fa17573e70e
https://mirrors.tuna.tsinghua.edu.cn/anaconda/cloud/conda-forge/linux-64/xorg-libice-1.1.2-hb9d3cd8_0.conda#fb901ff28063514abb6046c9ec2c4a45
https://mirrors.tuna.tsinghua.edu.cn/anaconda/cloud/conda-forge/linux-64/xorg-libxau-1.0.12-hb03c661_1.conda#b2895afaf55bf96a8c8282a2e47a5de0
https://mirrors.tuna.tsinghua.edu.cn/anaconda/cloud/conda-forge/linux-64/xorg-libxdmcp-1.1.5-hb03c661_1.conda#1dafce8548e38671bea82e3f5c6ce22f
https://mirrors.tuna.tsinghua.edu.cn/anaconda/cloud/bioconda/linux-64/bedtools-2.31.1-h13024bc_3.tar.bz2#99c4e90e82db906439e00beafb343d16
https://mirrors.tuna.tsinghua.edu.cn/anaconda/cloud/conda-forge/linux-64/dav1d-1.2.1-hd590300_0.conda#418c6ca5929a611cbd69204907a83995
https://mirrors.tuna.tsinghua.edu.cn/anaconda/cloud/conda-forge/linux-64/graphite2-1.3.14-hecca717_2.conda#2cd94587f3a401ae05e03a6caf09539d
https://mirrors.tuna.tsinghua.edu.cn/anaconda/cloud/conda-forge/linux-64/icu-78.2-h33c6efd_0.conda#186a18e3ba246eccfc7cff00cd19a870
https://mirrors.tuna.tsinghua.edu.cn/anaconda/cloud/conda-forge/linux-64/intel-gmmlib-22.9.0-hb700be7_0.conda#26311c5112b5c713f472bdfbb5ec5aa3
https://mirrors.tuna.tsinghua.edu.cn/anaconda/cloud/conda-forge/linux-64/jpeg-9e-h0b41bf4_3.conda#c7a069243e1fbe9a556ed2ec030e6407
https://mirrors.tuna.tsinghua.edu.cn/anaconda/cloud/conda-forge/linux-64/lame-3.100-h166bdaf_1003.tar.bz2#a8832b479f93521a9e7b5b743803be51
https://mirrors.tuna.tsinghua.edu.cn/anaconda/cloud/conda-forge/linux-64/lerc-4.0.0-h0aef613_1.conda#9344155d33912347b37f0ae6c410a835
https://mirrors.tuna.tsinghua.edu.cn/anaconda/cloud/conda-forge/linux-64/level-zero-1.28.2-hb700be7_0.conda#4323e07abff8366503b97a0f17924b76
https://mirrors.tuna.tsinghua.edu.cn/anaconda/cloud/conda-forge/linux-64/libabseil-20260107.1-cxx17_h7b12aa8_0.conda#6f7b4302263347698fd24565fbf11310
https://mirrors.tuna.tsinghua.edu.cn/anaconda/cloud/conda-forge/linux-64/libbrotlidec-1.2.0-hb03c661_1.conda#366b40a69f0ad6072561c1d09301c886
https://mirrors.tuna.tsinghua.edu.cn/anaconda/cloud/conda-forge/linux-64/libbrotlienc-1.2.0-hb03c661_1.conda#4ffbb341c8b616aa2494b6afb26a0c5f
https://mirrors.tuna.tsinghua.edu.cn/anaconda/cloud/conda-forge/linux-64/libcap-2.77-h3ff7636_0.conda#09c264d40c67b82b49a3f3b89037bd2e
https://mirrors.tuna.tsinghua.edu.cn/anaconda/cloud/conda-forge/linux-64/libdrm-2.4.125-hb03c661_1.conda#9314bc5a1fe7d1044dc9dfd3ef400535
https://mirrors.tuna.tsinghua.edu.cn/anaconda/cloud/conda-forge/linux-64/libedit-3.1.20250104-pl5321h7949ede_0.conda#c277e0a4d549b03ac1e9d6cbbe3d017b
https://mirrors.tuna.tsinghua.edu.cn/anaconda/cloud/conda-forge/linux-64/libev-4.33-hd590300_2.conda#172bf1cd1ff8629f2b1179945ed45055
https://mirrors.tuna.tsinghua.edu.cn/anaconda/cloud/conda-forge/linux-64/libflac-1.5.0-he200343_1.conda#47595b9d53054907a00d95e4d47af1d6
https://mirrors.tuna.tsinghua.edu.cn/anaconda/cloud/conda-forge/linux-64/libgfortran-15.2.0-h69a702a_18.conda#9063115da5bc35fdc3e1002e69b9ef6e
https://mirrors.tuna.tsinghua.edu.cn/anaconda/cloud/conda-forge/linux-64/libhwy-1.3.0-h4c17acf_1.conda#c2a0c1d0120520e979685034e0b79859
https://mirrors.tuna.tsinghua.edu.cn/anaconda/cloud/conda-forge/linux-64/liblzma-devel-5.8.2-hb03c661_0.conda#de60549ba9d8921dff3afa4b179e2a4b
https://mirrors.tuna.tsinghua.edu.cn/anaconda/cloud/conda-forge/linux-64/libpng-1.6.55-h421ea60_0.conda#5f13ffc7d30ffec87864e678df9957b4
https://mirrors.tuna.tsinghua.edu.cn/anaconda/cloud/conda-forge/linux-64/libssh2-1.11.1-hcf80075_0.conda#eecce068c7e4eddeb169591baac20ac4
https://mirrors.tuna.tsinghua.edu.cn/anaconda/cloud/conda-forge/linux-64/libstdcxx-ng-15.2.0-hdf11a46_18.conda#6235adb93d064ecdf3d44faee6f468de
https://mirrors.tuna.tsinghua.edu.cn/anaconda/cloud/conda-forge/linux-64/libunwind-1.8.3-h65a8314_0.conda#e179a69edd30d75c0144d7a380b88f28
https://mirrors.tuna.tsinghua.edu.cn/anaconda/cloud/conda-forge/linux-64/liburing-2.14-hb700be7_0.conda#56f65185b520e016d29d01657ac02c0d
https://mirrors.tuna.tsinghua.edu.cn/anaconda/cloud/conda-forge/linux-64/libvorbis-1.3.7-h54a6638_2.conda#b4ecbefe517ed0157c37f8182768271c
https://mirrors.tuna.tsinghua.edu.cn/anaconda/cloud/conda-forge/linux-64/libvpx-1.15.2-hecca717_0.conda#10f5008f1c89a40b09711b5a9cdbd229
https://mirrors.tuna.tsinghua.edu.cn/anaconda/cloud/conda-forge/linux-64/libxcb-1.17.0-h8a09558_0.conda#92ed62436b625154323d40d5f2f11dd7
https://mirrors.tuna.tsinghua.edu.cn/anaconda/cloud/conda-forge/linux-64/libxcrypt-4.4.36-hd590300_1.conda#5aa797f8787fe7a17d1b0821485b5adc
https://mirrors.tuna.tsinghua.edu.cn/anaconda/cloud/conda-forge/linux-64/mpg123-1.32.9-hc50e24c_0.conda#c7f302fd11eeb0987a6a5e1f3aed6a21
https://mirrors.tuna.tsinghua.edu.cn/anaconda/cloud/conda-forge/linux-64/opencl-headers-2025.06.13-h5888daf_0.conda#45c3d2c224002d6d0d7769142b29f986
https://mirrors.tuna.tsinghua.edu.cn/anaconda/cloud/conda-forge/linux-64/openh264-2.6.0-hc22cd8d_0.conda#b28cf020fd2dead0ca6d113608683842
https://mirrors.tuna.tsinghua.edu.cn/anaconda/cloud/conda-forge/linux-64/pcre2-10.47-haa7fec5_0.conda#7a3bff861a6583f1889021facefc08b1
https://mirrors.tuna.tsinghua.edu.cn/anaconda/cloud/conda-forge/linux-64/pixman-0.46.4-h54a6638_1.conda#c01af13bdc553d1a8fbfff6e8db075f0
https://mirrors.tuna.tsinghua.edu.cn/anaconda/cloud/bioconda/linux-64/prodigal-2.6.3-h577a1d6_11.tar.bz2#7b083f573760cbd88a206e05f73f5e9d
https://mirrors.tuna.tsinghua.edu.cn/anaconda/cloud/conda-forge/linux-64/pugixml-1.15-h3f63f65_0.conda#b11a4c6bf6f6f44e5e143f759ffa2087
https://mirrors.tuna.tsinghua.edu.cn/anaconda/cloud/conda-forge/linux-64/readline-8.3-h853b02a_0.conda#d7d95fc8287ea7bf33e0e7116d2b95ec
https://mirrors.tuna.tsinghua.edu.cn/anaconda/cloud/conda-forge/linux-64/snappy-1.2.2-h03e3b7b_1.conda#98b6c9dc80eb87b2519b97bcf7e578dd
https://mirrors.tuna.tsinghua.edu.cn/anaconda/cloud/conda-forge/linux-64/spirv-tools-2026.1-hb700be7_0.conda#8809e0bd5ec279bfe4bb6651c3ed2730
https://mirrors.tuna.tsinghua.edu.cn/anaconda/cloud/conda-forge/linux-64/svt-av1-4.0.1-hecca717_0.conda#2a2170a3e5c9a354d09e4be718c43235
https://mirrors.tuna.tsinghua.edu.cn/anaconda/cloud/conda-forge/linux-64/tk-8.6.13-noxft_h366c992_103.conda#cffd3bdd58090148f4cfcd831f4b26ab
https://mirrors.tuna.tsinghua.edu.cn/anaconda/cloud/conda-forge/linux-64/wayland-1.24.0-hd6090a7_1.conda#035da2e4f5770f036ff704fa17aace24
https://mirrors.tuna.tsinghua.edu.cn/anaconda/cloud/conda-forge/linux-64/x264-1!164.3095-h166bdaf_2.tar.bz2#6c99772d483f566d59e25037fea2c4b1
https://mirrors.tuna.tsinghua.edu.cn/anaconda/cloud/conda-forge/linux-64/xorg-libsm-1.2.6-he73a12e_0.conda#1c74ff8c35dcadf952a16f752ca5aa49
https://mirrors.tuna.tsinghua.edu.cn/anaconda/cloud/conda-forge/linux-64/xz-gpl-tools-5.8.2-ha02ee65_0.conda#a159fe1e8200dd67fa88ddea9169d25a
https://mirrors.tuna.tsinghua.edu.cn/anaconda/cloud/conda-forge/linux-64/xz-tools-5.8.2-hb03c661_0.conda#dfd6129671f782988d665354e7aa269d
https://mirrors.tuna.tsinghua.edu.cn/anaconda/cloud/conda-forge/linux-64/zlib-1.3.1-hb9d3cd8_2.conda#c9f075ab2f33b3bbee9e62d4ad0a6cd8
https://mirrors.tuna.tsinghua.edu.cn/anaconda/cloud/conda-forge/linux-64/zstd-1.5.7-hb78ec9c_6.conda#4a13eeac0b5c8e5b8ab496e6c4ddd829
https://mirrors.tuna.tsinghua.edu.cn/anaconda/cloud/conda-forge/linux-64/aom-3.9.1-hac33072_0.conda#346722a0be40f6edc53f12640d301338
https://mirrors.tuna.tsinghua.edu.cn/anaconda/cloud/conda-forge/linux-64/cudatoolkit-11.5.2-hbdc67f6_13.conda#be64617302e427420f88a72b30778cfa
https://mirrors.tuna.tsinghua.edu.cn/anaconda/cloud/conda-forge/linux-64/glslang-16.2.0-h96af755_1.conda#ba5b655d827f263090ad2dc514810328
https://mirrors.tuna.tsinghua.edu.cn/anaconda/cloud/conda-forge/linux-64/gmp-6.3.0-hac33072_2.conda#c94a5994ef49749880a8139cf9afcbe1
https://mirrors.tuna.tsinghua.edu.cn/anaconda/pkgs/main/linux-64/intel-openmp-2022.1.0-h9e868ea_3769.conda#ee98f23e5f7ec758c9f1979f7d050a3d
https://mirrors.tuna.tsinghua.edu.cn/anaconda/cloud/conda-forge/linux-64/krb5-1.22.2-ha1258a1_0.conda#fb53fb07ce46a575c5d004bbc96032c2
https://mirrors.tuna.tsinghua.edu.cn/anaconda/cloud/conda-forge/linux-64/ld_impl_linux-64-2.45.1-default_hbd61a6d_101.conda#12bd9a3f089ee6c9266a37dab82afabd
https://mirrors.tuna.tsinghua.edu.cn/anaconda/cloud/conda-forge/linux-64/libfreetype6-2.14.1-h73754d4_0.conda#8e7251989bca326a28f4a5ffbd74557a
https://mirrors.tuna.tsinghua.edu.cn/anaconda/cloud/conda-forge/linux-64/libgfortran-ng-15.2.0-h69a702a_18.conda#26d7b228de99d6fb032ba4d5c1679040
https://mirrors.tuna.tsinghua.edu.cn/anaconda/cloud/conda-forge/linux-64/libglib-2.86.4-h6548e54_1.conda#bb26456332b07f68bf3b7622ed71c0da
https://mirrors.tuna.tsinghua.edu.cn/anaconda/cloud/conda-forge/linux-64/libjxl-0.11.2-ha09017c_0.conda#1df8c1b1d6665642107883685db6cf37
https://mirrors.tuna.tsinghua.edu.cn/anaconda/cloud/conda-forge/linux-64/libnghttp2-1.67.0-had1ee68_0.conda#b499ce4b026493a13774bcf0f4c33849
https://mirrors.tuna.tsinghua.edu.cn/anaconda/cloud/conda-forge/linux-64/libprotobuf-6.33.5-h2b00c02_0.conda#11ac478fa72cf12c214199b8a96523f4
https://mirrors.tuna.tsinghua.edu.cn/anaconda/cloud/conda-forge/linux-64/libsndfile-1.2.2-hc7d488a_2.conda#067590f061c9f6ea7e61e3b2112ed6b3
https://mirrors.tuna.tsinghua.edu.cn/anaconda/cloud/conda-forge/linux-64/libsqlite-3.51.2-hf4e2dac_0.conda#da5be73701eecd0e8454423fd6ffcf30
https://mirrors.tuna.tsinghua.edu.cn/anaconda/cloud/conda-forge/linux-64/libsystemd0-257.10-hd0affe5_4.conda#1d4c18d75c51ed9d00092a891a547a7d
https://mirrors.tuna.tsinghua.edu.cn/anaconda/cloud/conda-forge/linux-64/libudev1-257.10-hd0affe5_4.conda#6c74fba677b61a0842cbf0f63eee683b
https://mirrors.tuna.tsinghua.edu.cn/anaconda/cloud/conda-forge/linux-64/libxml2-16-2.15.1-hca6bf5a_1.conda#3fdd8d99683da9fe279c2f4cecd1e048
https://mirrors.tuna.tsinghua.edu.cn/anaconda/cloud/conda-forge/linux-64/ocl-icd-2.3.3-hb9d3cd8_0.conda#56f8947aa9d5cf37b0b3d43b83f34192
https://mirrors.tuna.tsinghua.edu.cn/anaconda/cloud/conda-forge/linux-64/x265-3.5-h924138e_3.tar.bz2#e7f6ed84d4623d52ee581325c1587a6b
https://mirrors.tuna.tsinghua.edu.cn/anaconda/cloud/conda-forge/linux-64/xorg-libx11-1.8.13-he1eb515_0.conda#861fb6ccbc677bb9a9fb2468430b9c6a
https://mirrors.tuna.tsinghua.edu.cn/anaconda/cloud/conda-forge/linux-64/xz-5.8.2-ha02ee65_0.conda#d34b831f6d6a9b014eb7cf65f6329bba
https://mirrors.tuna.tsinghua.edu.cn/anaconda/cloud/conda-forge/linux-64/dbus-1.16.2-h24cb091_1.conda#ce96f2f470d39bd96ce03945af92e280
https://mirrors.tuna.tsinghua.edu.cn/anaconda/cloud/conda-forge/linux-64/glib-tools-2.86.4-hf516916_1.conda#b52b769cd13f7adaa6ccdc68ef801709
https://mirrors.tuna.tsinghua.edu.cn/anaconda/cloud/conda-forge/linux-64/libcurl-8.18.0-hcf29cc6_1.conda#1707cdd636af2ff697b53186572c9f77
https://mirrors.tuna.tsinghua.edu.cn/anaconda/cloud/conda-forge/linux-64/libfreetype-2.14.1-ha770c72_0.conda#f4084e4e6577797150f9b04a4560ceb0
https://mirrors.tuna.tsinghua.edu.cn/anaconda/cloud/conda-forge/linux-64/libglx-1.7.0-ha4b6fd6_2.conda#c8013e438185f33b13814c5c488acd5c
https://mirrors.tuna.tsinghua.edu.cn/anaconda/pkgs/main/linux-64/libtiff-4.7.1-h029b1ac_0.conda#7d759d6ff8fd3887c4da4885d7013f11
https://mirrors.tuna.tsinghua.edu.cn/anaconda/cloud/conda-forge/linux-64/libusb-1.0.29-h73b1eb8_0.conda#d17e3fb595a9f24fa9e149239a33475d
https://mirrors.tuna.tsinghua.edu.cn/anaconda/cloud/conda-forge/linux-64/libxml2-2.15.1-he237659_1.conda#417955234eccd8f252b86a265ccdab7f
https://mirrors.tuna.tsinghua.edu.cn/anaconda/pkgs/main/linux-64/mkl-2022.1.0-hc2b9512_224.conda#5fdbbe9486d8b48f9cec4f31758c5680
https://mirrors.tuna.tsinghua.edu.cn/anaconda/cloud/conda-forge/linux-64/openmpi-4.1.6-hc5af2df_101.conda#f9a2ad0088ee38f396350515fa37d243
https://mirrors.tuna.tsinghua.edu.cn/anaconda/cloud/conda-forge/linux-64/python-3.10.19-h3c07f61_3_cpython.conda#be48679ccfbc8710dea1d5970600fa04
https://mirrors.tuna.tsinghua.edu.cn/anaconda/cloud/conda-forge/linux-64/shaderc-2025.5-h718be3e_1.conda#8dc8dda113c4c568256bdd486b6e842e
https://mirrors.tuna.tsinghua.edu.cn/anaconda/cloud/conda-forge/linux-64/xkeyboard-config-2.47-hb03c661_0.conda#b56e0c8432b56decafae7e78c5f29ba5
https://mirrors.tuna.tsinghua.edu.cn/anaconda/cloud/conda-forge/linux-64/xorg-libxext-1.3.7-hb03c661_0.conda#34e54f03dfea3e7a2dcf1453a85f1085
https://mirrors.tuna.tsinghua.edu.cn/anaconda/cloud/conda-forge/linux-64/xorg-libxfixes-6.0.2-hb03c661_0.conda#ba231da7fccf9ea1e768caf5c7099b84
https://mirrors.tuna.tsinghua.edu.cn/anaconda/cloud/conda-forge/linux-64/xorg-libxrender-0.9.12-hb9d3cd8_0.conda#96d57aba173e878a2089d5638016dc5e
https://mirrors.tuna.tsinghua.edu.cn/anaconda/cloud/conda-forge/linux-64/backports.zstd-1.3.0-py310h69bd2ac_0.conda#276a3ddf300498921601822e3b407088
https://mirrors.tuna.tsinghua.edu.cn/anaconda/cloud/conda-forge/linux-64/blas-1.0-mkl.tar.bz2#349aef876b1d8c9dccae01de20d5b385
https://mirrors.tuna.tsinghua.edu.cn/anaconda/cloud/conda-forge/linux-64/brotli-python-1.2.0-py310hba01987_1.conda#393fca4557fbd2c4d995dcb89f569048
https://mirrors.tuna.tsinghua.edu.cn/anaconda/cloud/conda-forge/noarch/certifi-2026.2.25-pyhd8ed1ab_0.conda#765c4d97e877cdbbb88ff33152b86125
https://mirrors.tuna.tsinghua.edu.cn/anaconda/cloud/conda-forge/noarch/charset-normalizer-3.4.4-pyhd8ed1ab_0.conda#a22d1fd9bf98827e280a02875d9a007a
https://mirrors.tuna.tsinghua.edu.cn/anaconda/cloud/conda-forge/linux-64/fontconfig-2.17.1-h27c8c51_0.conda#867127763fbe935bab59815b6e0b7b5c
https://mirrors.tuna.tsinghua.edu.cn/anaconda/cloud/conda-forge/linux-64/freetype-2.14.1-ha770c72_0.conda#4afc585cd97ba8a23809406cd8a9eda8
https://mirrors.tuna.tsinghua.edu.cn/anaconda/cloud/conda-forge/noarch/hpack-4.1.0-pyhd8ed1ab_0.conda#0a802cb9888dd14eeefc611f05c40b6e
https://mirrors.tuna.tsinghua.edu.cn/anaconda/cloud/bioconda/linux-64/htslib-1.23-h566b1c6_0.conda#307124911d36a3d976cd76f350085ead
https://mirrors.tuna.tsinghua.edu.cn/anaconda/cloud/conda-forge/noarch/hyperframe-6.1.0-pyhd8ed1ab_0.conda#8e6923fc12f1fe8f8c4e5c9f343256ac
https://mirrors.tuna.tsinghua.edu.cn/anaconda/cloud/conda-forge/noarch/idna-3.11-pyhd8ed1ab_0.conda#53abe63df7e10a6ba605dc5f9f961d36
https://mirrors.tuna.tsinghua.edu.cn/anaconda/pkgs/main/linux-64/lcms2-2.17-heab6991_0.conda#4bf53b39a7fade892df9e02d83cb052d
https://mirrors.tuna.tsinghua.edu.cn/anaconda/cloud/conda-forge/linux-64/libblas-3.9.0-16_linux64_mkl.tar.bz2#85f61af03fd291dae33150ffe89dc09a
https://mirrors.tuna.tsinghua.edu.cn/anaconda/cloud/conda-forge/linux-64/libgl-1.7.0-ha4b6fd6_2.conda#928b8be80851f5d8ffb016f9c81dae7a
https://mirrors.tuna.tsinghua.edu.cn/anaconda/cloud/conda-forge/linux-64/libhwloc-2.12.2-default_hafda6a7_1000.conda#0ed3aa3e3e6bc85050d38881673a692f
https://mirrors.tuna.tsinghua.edu.cn/anaconda/cloud/conda-forge/linux-64/libxkbcommon-1.13.1-hca5e8e5_0.conda#2bca1fbb221d9c3c8e3a155784bbc2e9
https://mirrors.tuna.tsinghua.edu.cn/anaconda/cloud/conda-forge/linux-64/openjpeg-2.5.4-h55fea9a_0.conda#11b3379b191f63139e29c0d19dee24cd
https://mirrors.tuna.tsinghua.edu.cn/anaconda/cloud/conda-forge/noarch/packaging-26.0-pyhcf101f3_0.conda#b76541e68fea4d511b1ac46a28dcd2c6
https://mirrors.tuna.tsinghua.edu.cn/anaconda/cloud/conda-forge/linux-64/pulseaudio-client-17.0-h9a6aba3_3.conda#b8ea447fdf62e3597cb8d2fae4eb1a90
https://mirrors.tuna.tsinghua.edu.cn/anaconda/cloud/conda-forge/noarch/pysocks-1.7.1-pyha55dd90_7.conda#461219d1a5bd61342293efa2c0c90eac
https://mirrors.tuna.tsinghua.edu.cn/anaconda/cloud/conda-forge/noarch/python-tzdata-2025.3-pyhd8ed1ab_0.conda#7ead57407430ba33f681738905278d03
https://mirrors.tuna.tsinghua.edu.cn/anaconda/cloud/conda-forge/noarch/pytz-2025.2-pyhd8ed1ab_0.conda#bc8e3267d44011051f2eb14d22fb0960
https://mirrors.tuna.tsinghua.edu.cn/anaconda/cloud/conda-forge/noarch/setuptools-82.0.0-pyh332efcf_0.conda#1d00d46c634177fc8ede8b99d6089239
https://mirrors.tuna.tsinghua.edu.cn/anaconda/cloud/conda-forge/noarch/six-1.17.0-pyhe01879c_1.conda#3339e3b65d58accf4ca4fb8748ab16b3
https://mirrors.tuna.tsinghua.edu.cn/anaconda/cloud/conda-forge/noarch/threadpoolctl-3.6.0-pyhecae5ae_0.conda#9d64911b31d57ca443e9f1e36b04385f
https://mirrors.tuna.tsinghua.edu.cn/anaconda/cloud/conda-forge/noarch/typing_extensions-4.15.0-pyhcf101f3_0.conda#0caa1af407ecff61170c9437a808404d
https://mirrors.tuna.tsinghua.edu.cn/anaconda/cloud/conda-forge/linux-64/xorg-libxcursor-1.2.3-hb9d3cd8_0.conda#2ccd714aa2242315acaf0a67faea780b
https://mirrors.tuna.tsinghua.edu.cn/anaconda/cloud/conda-forge/linux-64/xorg-libxi-1.8.2-hb9d3cd8_0.conda#17dcc85db3c7886650b8908b183d6876
https://mirrors.tuna.tsinghua.edu.cn/anaconda/cloud/conda-forge/linux-64/xorg-libxrandr-1.5.5-hb03c661_0.conda#e192019153591938acf7322b6459d36e
https://mirrors.tuna.tsinghua.edu.cn/anaconda/cloud/conda-forge/linux-64/xorg-libxscrnsaver-1.2.4-hb9d3cd8_0.conda#303f7a0e9e0cd7d250bb6b952cecda90
https://mirrors.tuna.tsinghua.edu.cn/anaconda/cloud/conda-forge/linux-64/cairo-1.18.4-he90730b_1.conda#bb6c4808bfa69d6f7f6b07e5846ced37
https://mirrors.tuna.tsinghua.edu.cn/anaconda/cloud/conda-forge/linux-64/glib-2.86.4-h5192d8d_1.conda#61272bde04aeccf919351b92fbb96a53
https://mirrors.tuna.tsinghua.edu.cn/anaconda/cloud/conda-forge/noarch/h2-4.3.0-pyhcf101f3_0.conda#164fc43f0b53b6e3a7bc7dce5e4f1dc9
https://mirrors.tuna.tsinghua.edu.cn/anaconda/cloud/conda-forge/noarch/joblib-1.4.2-pyhd8ed1ab_1.conda#bf8243ee348f3a10a14ed0cae323e0c1
https://mirrors.tuna.tsinghua.edu.cn/anaconda/cloud/conda-forge/linux-64/libcblas-3.9.0-16_linux64_mkl.tar.bz2#361bf757b95488de76c4f123805742d3
https://mirrors.tuna.tsinghua.edu.cn/anaconda/cloud/conda-forge/linux-64/liblapack-3.9.0-16_linux64_mkl.tar.bz2#a2f166748917d6d6e4707841ca1f519e
https://mirrors.tuna.tsinghua.edu.cn/anaconda/cloud/conda-forge/linux-64/libva-2.23.0-he1eb515_0.conda#25813fe38b3e541fc40007592f12bae5
https://mirrors.tuna.tsinghua.edu.cn/anaconda/cloud/conda-forge/linux-64/libvulkan-loader-1.4.341.0-h5279c79_0.conda#31ad065eda3c2d88f8215b1289df9c89
https://mirrors.tuna.tsinghua.edu.cn/anaconda/pkgs/main/linux-64/pillow-11.1.0-py310hac6e08b_1.conda#9ddff976c2fb0a1b7c323e695d5bac85
https://mirrors.tuna.tsinghua.edu.cn/anaconda/cloud/conda-forge/noarch/python-dateutil-2.9.0.post0-pyhe01879c_2.conda#5b8d21249ff20967101ffa321cab24e8
https://mirrors.tuna.tsinghua.edu.cn/anaconda/cloud/pytorch/linux-64/pytorch-1.11.0-py3.10_cuda11.5_cudnn8.3.2_0.tar.bz2#4da19d3bf3248270b6c6101f618eec3e
https://mirrors.tuna.tsinghua.edu.cn/anaconda/cloud/bioconda/linux-64/samtools-1.23-h96c455f_0.conda#f5426f4f0024640896a5582a5e75f285
https://mirrors.tuna.tsinghua.edu.cn/anaconda/cloud/conda-forge/linux-64/tbb-2022.3.0-hb700be7_2.conda#8f7278ca5f7456a974992a8b34284737
https://mirrors.tuna.tsinghua.edu.cn/anaconda/cloud/conda-forge/noarch/wheel-0.46.3-pyhd8ed1ab_0.conda#bdbd7385b4a67025ac2dba4ef8cb6a8f
https://mirrors.tuna.tsinghua.edu.cn/anaconda/cloud/conda-forge/linux-64/xorg-libxtst-1.2.5-hb9d3cd8_3.conda#7bbe9a0cc0df0ac5f5a8ad6d6a11af2f
https://mirrors.tuna.tsinghua.edu.cn/anaconda/pkgs/main/linux-64/gdk-pixbuf-2.44.4-hbd8e730_0.conda#e94ffb8b1448f9f855d24933a299741e
https://mirrors.tuna.tsinghua.edu.cn/anaconda/cloud/conda-forge/linux-64/gsl-2.7-he838d99_0.tar.bz2#fec079ba39c9cca093bf4c00001825de
https://mirrors.tuna.tsinghua.edu.cn/anaconda/cloud/conda-forge/linux-64/harfbuzz-12.3.2-h6083320_0.conda#d170a70fc1d5c605fcebdf16851bd54a
https://mirrors.tuna.tsinghua.edu.cn/anaconda/cloud/conda-forge/linux-64/intel-media-driver-25.3.4-hecca717_0.conda#7ae2034a0e2e24eb07468f1a50cdf0bb
https://mirrors.tuna.tsinghua.edu.cn/anaconda/cloud/conda-forge/linux-64/libopenvino-2025.4.1-hb56ce9e_2.conda#1e19a58da158e3c711307429155c69a4
https://mirrors.tuna.tsinghua.edu.cn/anaconda/cloud/conda-forge/linux-64/numpy-1.23.3-py310h53a5b5f_0.tar.bz2#0a60ccaed9ad236cc7463322fe742eb6
https://mirrors.tuna.tsinghua.edu.cn/anaconda/cloud/conda-forge/noarch/pip-22.2.2-pyhd8ed1ab_0.tar.bz2#0b43abe4d3ee93e82742d37def53a836
https://mirrors.tuna.tsinghua.edu.cn/anaconda/cloud/conda-forge/linux-64/sdl3-3.4.2-hdeec2a5_0.conda#88a69db027a8ff59dab972a09d69a1ab
https://mirrors.tuna.tsinghua.edu.cn/anaconda/cloud/conda-forge/noarch/urllib3-2.6.3-pyhd8ed1ab_0.conda#9272daa869e03efe68833e3dc7a02130
https://mirrors.tuna.tsinghua.edu.cn/anaconda/pkgs/main/linux-64/biopython-1.78-py310h7f8727e_0.conda#1ff7a99b3368b82138cfe4e5b774ab75
https://mirrors.tuna.tsinghua.edu.cn/anaconda/cloud/bioconda/linux-64/hmmer-3.4-hb6cb901_4.tar.bz2#689f962720e131fe4849e2909181120a
https://mirrors.tuna.tsinghua.edu.cn/anaconda/cloud/conda-forge/linux-64/libass-0.17.4-h96ad9f0_0.conda#d3be7b2870bf7aff45b12ea53165babd
https://mirrors.tuna.tsinghua.edu.cn/anaconda/cloud/conda-forge/linux-64/libopenvino-auto-batch-plugin-2025.4.1-hd85de46_2.conda#50c2599f30938cd26f6c2003032b211c
https://mirrors.tuna.tsinghua.edu.cn/anaconda/cloud/conda-forge/linux-64/libopenvino-auto-plugin-2025.4.1-hd85de46_2.conda#9992be1ddb9a2e878699170c06cc5bcb
https://mirrors.tuna.tsinghua.edu.cn/anaconda/cloud/conda-forge/linux-64/libopenvino-hetero-plugin-2025.4.1-hd41364c_2.conda#ffc9462e82dc54f24d94399536774a6c
https://mirrors.tuna.tsinghua.edu.cn/anaconda/cloud/conda-forge/linux-64/libopenvino-intel-cpu-plugin-2025.4.1-hb56ce9e_2.conda#dcff5decc0bcac07bb81276ed0104654
https://mirrors.tuna.tsinghua.edu.cn/anaconda/cloud/conda-forge/linux-64/libopenvino-intel-gpu-plugin-2025.4.1-hb56ce9e_2.conda#c609d1b2a15535ff40702ee0c62f7793
https://mirrors.tuna.tsinghua.edu.cn/anaconda/cloud/conda-forge/linux-64/libopenvino-intel-npu-plugin-2025.4.1-hb56ce9e_2.conda#6fabe9fecde73d1eb8b5fe865fc42819
https://mirrors.tuna.tsinghua.edu.cn/anaconda/cloud/conda-forge/linux-64/libopenvino-ir-frontend-2025.4.1-hd41364c_2.conda#7d28310dd0cd6e72251202de790388fb
https://mirrors.tuna.tsinghua.edu.cn/anaconda/cloud/conda-forge/linux-64/libopenvino-onnx-frontend-2025.4.1-h7a07914_2.conda#f7e5f4d50f1114476d948a4afe72e7aa
https://mirrors.tuna.tsinghua.edu.cn/anaconda/cloud/conda-forge/linux-64/libopenvino-paddle-frontend-2025.4.1-h7a07914_2.conda#872ce0b26eba7c63342af17518921e64
https://mirrors.tuna.tsinghua.edu.cn/anaconda/cloud/conda-forge/linux-64/libopenvino-pytorch-frontend-2025.4.1-hecca717_2.conda#6d76c8267adbec519a336e2ae591b5ab
https://mirrors.tuna.tsinghua.edu.cn/anaconda/cloud/conda-forge/linux-64/libopenvino-tensorflow-frontend-2025.4.1-h78e8023_2.conda#e1c042b51bc48fde21e33e4b063a6f70
https://mirrors.tuna.tsinghua.edu.cn/anaconda/cloud/conda-forge/linux-64/libopenvino-tensorflow-lite-frontend-2025.4.1-hecca717_2.conda#9e68b0b85a19341d4b5bff06196377a1
https://mirrors.tuna.tsinghua.edu.cn/anaconda/cloud/conda-forge/linux-64/libvpl-2.15.0-h54a6638_1.conda#a41a299c157cc6d0eff05e5fc298cc45
https://mirrors.tuna.tsinghua.edu.cn/anaconda/cloud/conda-forge/linux-64/pandas-2.2.2-py310hf9f9076_1.conda#18100768350158f1795ab9ad7d06d5ca
https://mirrors.tuna.tsinghua.edu.cn/anaconda/cloud/conda-forge/linux-64/pango-1.56.4-hadf4263_0.conda#79f71230c069a287efe3a8614069ddf1
https://mirrors.tuna.tsinghua.edu.cn/anaconda/cloud/conda-forge/noarch/requests-2.32.5-pyhcf101f3_1.conda#c65df89a0b2e321045a9e01d1337b182
https://mirrors.tuna.tsinghua.edu.cn/anaconda/cloud/conda-forge/linux-64/scipy-1.13.1-py310h93e2701_0.conda#9a697144b2f3adc88ada6b6201b379c4
https://mirrors.tuna.tsinghua.edu.cn/anaconda/cloud/conda-forge/linux-64/sdl2-2.32.56-h54a6638_0.conda#cdd138897d94dc07d99afe7113a07bec
https://mirrors.tuna.tsinghua.edu.cn/anaconda/cloud/pytorch/linux-64/torchaudio-0.11.0-py310_cu115.tar.bz2#dd064bd747ac414582b92910546d0243
https://mirrors.tuna.tsinghua.edu.cn/anaconda/cloud/conda-forge/linux-64/librsvg-2.60.0-h61e6d4b_0.conda#91e6d4d684e237fba31b9815c4b40edf
https://mirrors.tuna.tsinghua.edu.cn/anaconda/cloud/conda-forge/linux-64/scikit-learn-1.1.2-py310h0c3af53_0.tar.bz2#94e8ae29ce70f145a6b49c06f3481700
https://mirrors.tuna.tsinghua.edu.cn/anaconda/cloud/conda-forge/linux-64/ffmpeg-8.0.1-gpl_h43fde53_912.conda#c1a58b1a35bc7e775f7fa61f4a2e8e75
https://mirrors.tuna.tsinghua.edu.cn/anaconda/cloud/pytorch/linux-64/torchvision-0.12.0-py310_cu115.tar.bz2#34bf8f284c0929492417143de0e5d40e
